
Microsoft Visual Studio Solution File, Format Version 12.00
# Visual Studio Version 17
VisualStudioVersion = 17.5.2.0
MinimumVisualStudioVersion = 10.0.40219.1
Project("{FAE04EC0-301F-11D3-BF4B-00C04F79EFBC}") = "TodoApi", "TodoApi\TodoApi.csproj", "{A9D74EAC-F660-8A73-E2EA-C8EF81470181}"
EndProject
Project("{FAE04EC0-301F-11D3-BF4B-00C04F79EFBC}") = "Api-MVC-In-Mem.Test", "Api-MVC-In-Mem-Test\Api-MVC-In-Mem.Test.csproj", "{BDE02DDE-F17C-424E-BCC4-62D460F22D09}"
EndProject
Global
	GlobalSection(SolutionConfigurationPlatforms) = preSolution
		Debug|Any CPU = Debug|Any CPU
		Release|Any CPU = Release|Any CPU
	EndGlobalSection
	GlobalSection(ProjectConfigurationPlatforms) = postSolution
		{A9D74EAC-F660-8A73-E2EA-C8EF81470181}.Debug|Any CPU.ActiveCfg = Debug|Any CPU
		{A9D74EAC-F660-8A73-E2EA-C8EF81470181}.Debug|Any CPU.Build.0 = Debug|Any CPU
		{A9D74EAC-F660-8A73-E2EA-C8EF81470181}.Release|Any CPU.ActiveCfg = Release|Any CPU
		{A9D74EAC-F660-8A73-E2EA-C8EF81470181}.Release|Any CPU.Build.0 = Release|Any CPU
		{BDE02DDE-F17C-424E-BCC4-62D460F22D09}.Debug|Any CPU.ActiveCfg = Debug|Any CPU
		{BDE02DDE-F17C-424E-BCC4-62D460F22D09}.Debug|Any CPU.Build.0 = Debug|Any CPU
		{BDE02DDE-F17C-424E-BCC4-62D460F22D09}.Release|Any CPU.ActiveCfg = Release|Any CPU
		{BDE02DDE-F17C-424E-BCC4-62D460F22D09}.Release|Any CPU.Build.0 = Release|Any CPU
	EndGlobalSection
	GlobalSection(SolutionProperties) = preSolution
		HideSolutionNode = FALSE
	EndGlobalSection
	GlobalSection(ExtensibilityGlobals) = postSolution
		SolutionGuid = {E1D6DE11-E19F-4FB1-B5E6-722F5EB8DBBA}
	EndGlobalSection
EndGlobal
